
Microsoft Visual Studio Solution File, Format Version 12.00
# Visual Studio Version 16
VisualStudioVersion = 16.0.30204.135
MinimumVisualStudioVersion = 10.0.40219.1
Project("{FAE04EC0-301F-11D3-BF4B-00C04F79EFBC}") = "JsonTest", "JsonTest.csproj", "{4AA70E75-F71F-4059-B6F8-BE042965B145}"
EndProject
Global
	GlobalSection(SolutionConfigurationPlatforms) = preSolution
		Debug|Any CPU = Debug|Any CPU
		Release|Any CPU = Release|Any CPU
	EndGlobalSection
	GlobalSection(ProjectConfigurationPlatforms) = postSolution
		{4AA70E75-F71F-4059-B6F8-BE042965B145}.Debug|Any CPU.ActiveCfg = Debug|Any CPU
		{4AA70E75-F71F-4059-B6F8-BE042965B145}.Debug|Any CPU.Build.0 = Debug|Any CPU
		{4AA70E75-F71F-4059-B6F8-BE042965B145}.Release|Any CPU.ActiveCfg = Release|Any CPU
		{4AA70E75-F71F-4059-B6F8-BE042965B145}.Release|Any CPU.Build.0 = Release|Any CPU
	EndGlobalSection
	GlobalSection(SolutionProperties) = preSolution
		HideSolutionNode = FALSE
	EndGlobalSection
	GlobalSection(ExtensibilityGlobals) = postSolution
		SolutionGuid = {A9BDCF85-4680-4B59-A6E8-8CB4C747F622}
	EndGlobalSection
EndGlobal
